
Microsoft Visual Studio Solution File, Format Version 12.00
# Visual Studio Version 17
VisualStudioVersion = 17.4.33110.190
MinimumVisualStudioVersion = 10.0.40219.1
Project("{9A19103F-16F7-4668-BE54-9A1E7A4F7556}") = "MVC1", "MVC1\MVC1.csproj", "{4FF84FD5-5312-422D-BC9B-09F2BAA4B324}"
EndProject
Project("{9A19103F-16F7-4668-BE54-9A1E7A4F7556}") = "MVC2", "MVC2\MVC2.csproj", "{F8FBA191-06DE-42E5-9D30-C1488D9ECAC1}"
EndProject
Project("{9A19103F-16F7-4668-BE54-9A1E7A4F7556}") = "MVC3", "MVC3\MVC3.csproj", "{850A59A7-4080-4AEE-BC9D-8D44D6BAFD98}"
EndProject
Project("{9A19103F-16F7-4668-BE54-9A1E7A4F7556}") = "MVC-EF2", "MVC-EF2\MVC-EF2.csproj", "{DB76652A-FA7B-40BE-BC67-A8901946EF6A}"
EndProject
Project("{9A19103F-16F7-4668-BE54-9A1E7A4F7556}") = "MVC-EF1", "MVC-EF1\MVC-EF1.csproj", "{15119B78-DE61-472F-B276-825934491EBC}"
EndProject
Project("{9A19103F-16F7-4668-BE54-9A1E7A4F7556}") = "MVMVC-EF", "MVMVC-EF\MVMVC-EF.csproj", "{9E49C02D-C2A9-417A-BF60-7DA9D962CD6C}"
EndProject
Global
	GlobalSection(SolutionConfigurationPlatforms) = preSolution
		Debug|Any CPU = Debug|Any CPU
		Release|Any CPU = Release|Any CPU
	EndGlobalSection
	GlobalSection(ProjectConfigurationPlatforms) = postSolution
		{4FF84FD5-5312-422D-BC9B-09F2BAA4B324}.Debug|Any CPU.ActiveCfg = Debug|Any CPU
		{4FF84FD5-5312-422D-BC9B-09F2BAA4B324}.Debug|Any CPU.Build.0 = Debug|Any CPU
		{4FF84FD5-5312-422D-BC9B-09F2BAA4B324}.Release|Any CPU.ActiveCfg = Release|Any CPU
		{4FF84FD5-5312-422D-BC9B-09F2BAA4B324}.Release|Any CPU.Build.0 = Release|Any CPU
		{F8FBA191-06DE-42E5-9D30-C1488D9ECAC1}.Debug|Any CPU.ActiveCfg = Debug|Any CPU
		{F8FBA191-06DE-42E5-9D30-C1488D9ECAC1}.Debug|Any CPU.Build.0 = Debug|Any CPU
		{F8FBA191-06DE-42E5-9D30-C1488D9ECAC1}.Release|Any CPU.ActiveCfg = Release|Any CPU
		{F8FBA191-06DE-42E5-9D30-C1488D9ECAC1}.Release|Any CPU.Build.0 = Release|Any CPU
		{850A59A7-4080-4AEE-BC9D-8D44D6BAFD98}.Debug|Any CPU.ActiveCfg = Debug|Any CPU
		{850A59A7-4080-4AEE-BC9D-8D44D6BAFD98}.Debug|Any CPU.Build.0 = Debug|Any CPU
		{850A59A7-4080-4AEE-BC9D-8D44D6BAFD98}.Release|Any CPU.ActiveCfg = Release|Any CPU
		{850A59A7-4080-4AEE-BC9D-8D44D6BAFD98}.Release|Any CPU.Build.0 = Release|Any CPU
		{DB76652A-FA7B-40BE-BC67-A8901946EF6A}.Debug|Any CPU.ActiveCfg = Debug|Any CPU
		{DB76652A-FA7B-40BE-BC67-A8901946EF6A}.Debug|Any CPU.Build.0 = Debug|Any CPU
		{DB76652A-FA7B-40BE-BC67-A8901946EF6A}.Release|Any CPU.ActiveCfg = Release|Any CPU
		{DB76652A-FA7B-40BE-BC67-A8901946EF6A}.Release|Any CPU.Build.0 = Release|Any CPU
		{15119B78-DE61-472F-B276-825934491EBC}.Debug|Any CPU.ActiveCfg = Debug|Any CPU
		{15119B78-DE61-472F-B276-825934491EBC}.Debug|Any CPU.Build.0 = Debug|Any CPU
		{15119B78-DE61-472F-B276-825934491EBC}.Release|Any CPU.ActiveCfg = Release|Any CPU
		{15119B78-DE61-472F-B276-825934491EBC}.Release|Any CPU.Build.0 = Release|Any CPU
		{9E49C02D-C2A9-417A-BF60-7DA9D962CD6C}.Debug|Any CPU.ActiveCfg = Debug|Any CPU
		{9E49C02D-C2A9-417A-BF60-7DA9D962CD6C}.Debug|Any CPU.Build.0 = Debug|Any CPU
		{9E49C02D-C2A9-417A-BF60-7DA9D962CD6C}.Release|Any CPU.ActiveCfg = Release|Any CPU
		{9E49C02D-C2A9-417A-BF60-7DA9D962CD6C}.Release|Any CPU.Build.0 = Release|Any CPU
	EndGlobalSection
	GlobalSection(SolutionProperties) = preSolution
		HideSolutionNode = FALSE
	EndGlobalSection
	GlobalSection(ExtensibilityGlobals) = postSolution
		SolutionGuid = {D341E503-DBA9-4C00-B98D-045B5F7D90C4}
	EndGlobalSection
EndGlobal
